// !$*UTF8*$!
{
	archiveVersion = 1;
	classes = {
	};
	objectVersion = 56;
	objects = {

/* Begin PBXBuildFile section */
		BB4E348D2B165A4F0015F58D /* NewsWebViewController.swift in Sources */ = {isa = PBXBuildFile; fileRef = BB4E348C2B165A4F0015F58D /* NewsWebViewController.swift */; };
		BBDA59CC2AF11FA200249807 /* AppDelegate.swift in Sources */ = {isa = PBXBuildFile; fileRef = BBDA59CB2AF11FA200249807 /* AppDelegate.swift */; };
		BBDA59CE2AF11FA200249807 /* SceneDelegate.swift in Sources */ = {isa = PBXBuildFile; fileRef = BBDA59CD2AF11FA200249807 /* SceneDelegate.swift */; };
		BBDA59D32AF11FA200249807 /* Main.storyboard in Resources */ = {isa = PBXBuildFile; fileRef = BBDA59D12AF11FA200249807 /* Main.storyboard */; };
		BBDA59D52AF11FA500249807 /* Assets.xcassets in Resources */ = {isa = PBXBuildFile; fileRef = BBDA59D42AF11FA500249807 /* Assets.xcassets */; };
		BBDA59D82AF11FA500249807 /* LaunchScreen.storyboard in Resources */ = {isa = PBXBuildFile; fileRef = BBDA59D62AF11FA500249807 /* LaunchScreen.storyboard */; };
		BBDA59E42AF1202700249807 /* WebServiceCurrency.swift in Sources */ = {isa = PBXBuildFile; fileRef = BBDA59E32AF1202700249807 /* WebServiceCurrency.swift */; };
		BBDA59E62AF1204900249807 /* Finance.swift in Sources */ = {isa = PBXBuildFile; fileRef = BBDA59E52AF1204900249807 /* Finance.swift */; };
		BBDA59E82AF1206F00249807 /* CurrencyViewModel.swift in Sources */ = {isa = PBXBuildFile; fileRef = BBDA59E72AF1206F00249807 /* CurrencyViewModel.swift */; };
		BBDA59EB2AF120AC00249807 /* RxBlocking in Frameworks */ = {isa = PBXBuildFile; productRef = BBDA59EA2AF120AC00249807 /* RxBlocking */; };
		BBDA59ED2AF120AC00249807 /* RxBlocking-Dynamic in Frameworks */ = {isa = PBXBuildFile; productRef = BBDA59EC2AF120AC00249807 /* RxBlocking-Dynamic */; };
		BBDA59EF2AF120AC00249807 /* RxCocoa in Frameworks */ = {isa = PBXBuildFile; productRef = BBDA59EE2AF120AC00249807 /* RxCocoa */; };
		BBDA59F12AF120AC00249807 /* RxCocoa-Dynamic in Frameworks */ = {isa = PBXBuildFile; productRef = BBDA59F02AF120AC00249807 /* RxCocoa-Dynamic */; };
		BBDA59F32AF120AC00249807 /* RxRelay in Frameworks */ = {isa = PBXBuildFile; productRef = BBDA59F22AF120AC00249807 /* RxRelay */; };
		BBE03D7B2AF1230000853A50 /* NewsViewController.swift in Sources */ = {isa = PBXBuildFile; fileRef = BBE03D7A2AF1230000853A50 /* NewsViewController.swift */; };
		BBE03D7D2AF1231400853A50 /* CurrencyViewController.swift in Sources */ = {isa = PBXBuildFile; fileRef = BBE03D7C2AF1231400853A50 /* CurrencyViewController.swift */; };
		BBE03D7F2AF1232500853A50 /* CryptoViewController.swift in Sources */ = {isa = PBXBuildFile; fileRef = BBE03D7E2AF1232500853A50 /* CryptoViewController.swift */; };
		BBE03D812AF1233B00853A50 /* MarketViewController.swift in Sources */ = {isa = PBXBuildFile; fileRef = BBE03D802AF1233B00853A50 /* MarketViewController.swift */; };
		BBE03D852AF1B83800853A50 /* CurrencyTableViewCell.swift in Sources */ = {isa = PBXBuildFile; fileRef = BBE03D842AF1B83800853A50 /* CurrencyTableViewCell.swift */; };
		BBE03D872AF4130600853A50 /* WebServiceCrypto.swift in Sources */ = {isa = PBXBuildFile; fileRef = BBE03D862AF4130600853A50 /* WebServiceCrypto.swift */; };
		BBE03D892AF4159600853A50 /* CryptoViewModel.swift in Sources */ = {isa = PBXBuildFile; fileRef = BBE03D882AF4159600853A50 /* CryptoViewModel.swift */; };
		BBE03D8B2AF424D700853A50 /* CryptoTableViewCell.swift in Sources */ = {isa = PBXBuildFile; fileRef = BBE03D8A2AF424D700853A50 /* CryptoTableViewCell.swift */; };
		BBE03D8D2AF52CC700853A50 /* WebServiceMarket.swift in Sources */ = {isa = PBXBuildFile; fileRef = BBE03D8C2AF52CC600853A50 /* WebServiceMarket.swift */; };
		BBE03D8F2AF538C200853A50 /* MarketViewModel.swift in Sources */ = {isa = PBXBuildFile; fileRef = BBE03D8E2AF538C200853A50 /* MarketViewModel.swift */; };
		BBE03D912AF5417700853A50 /* MarketTableViewCell.swift in Sources */ = {isa = PBXBuildFile; fileRef = BBE03D902AF5417700853A50 /* MarketTableViewCell.swift */; };
		BBE03D932AF79BE300853A50 /* WebServiceNews.swift in Sources */ = {isa = PBXBuildFile; fileRef = BBE03D922AF79BE200853A50 /* WebServiceNews.swift */; };
		BBE03D952AF7A4CE00853A50 /* NewsViewModel.swift in Sources */ = {isa = PBXBuildFile; fileRef = BBE03D942AF7A4CE00853A50 /* NewsViewModel.swift */; };
		BBE03D972AF7C9BB00853A50 /* NewsTableViewCell.swift in Sources */ = {isa = PBXBuildFile; fileRef = BBE03D962AF7C9BB00853A50 /* NewsTableViewCell.swift */; };
/* End PBXBuildFile section */

/* Begin PBXFileReference section */
		BB4E348C2B165A4F0015F58D /* NewsWebViewController.swift */ = {isa = PBXFileReference; lastKnownFileType = sourcecode.swift; path = NewsWebViewController.swift; sourceTree = "<group>"; };
		BBDA59C82AF11FA200249807 /* MyFinance.app */ = {isa = PBXFileReference; explicitFileType = wrapper.application; includeInIndex = 0; path = MyFinance.app; sourceTree = BUILT_PRODUCTS_DIR; };
		BBDA59CB2AF11FA200249807 /* AppDelegate.swift */ = {isa = PBXFileReference; lastKnownFileType = sourcecode.swift; path = AppDelegate.swift; sourceTree = "<group>"; };
		BBDA59CD2AF11FA200249807 /* SceneDelegate.swift */ = {isa = PBXFileReference; lastKnownFileType = sourcecode.swift; path = SceneDelegate.swift; sourceTree = "<group>"; };
		BBDA59D22AF11FA200249807 /* Base */ = {isa = PBXFileReference; lastKnownFileType = file.storyboard; name = Base; path = Base.lproj/Main.storyboard; sourceTree = "<group>"; };
		BBDA59D42AF11FA500249807 /* Assets.xcassets */ = {isa = PBXFileReference; lastKnownFileType = folder.assetcatalog; path = Assets.xcassets; sourceTree = "<group>"; };
		BBDA59D72AF11FA500249807 /* Base */ = {isa = PBXFileReference; lastKnownFileType = file.storyboard; name = Base; path = Base.lproj/LaunchScreen.storyboard; sourceTree = "<group>"; };
		BBDA59D92AF11FA500249807 /* Info.plist */ = {isa = PBXFileReference; lastKnownFileType = text.plist.xml; path = Info.plist; sourceTree = "<group>"; };
		BBDA59E32AF1202700249807 /* WebServiceCurrency.swift */ = {isa = PBXFileReference; lastKnownFileType = sourcecode.swift; path = WebServiceCurrency.swift; sourceTree = "<group>"; };
		BBDA59E52AF1204900249807 /* Finance.swift */ = {isa = PBXFileReference; lastKnownFileType = sourcecode.swift; path = Finance.swift; sourceTree = "<group>"; };
		BBDA59E72AF1206F00249807 /* CurrencyViewModel.swift */ = {isa = PBXFileReference; lastKnownFileType = sourcecode.swift; path = CurrencyViewModel.swift; sourceTree = "<group>"; };
		BBE03D7A2AF1230000853A50 /* NewsViewController.swift */ = {isa = PBXFileReference; lastKnownFileType = sourcecode.swift; path = NewsViewController.swift; sourceTree = "<group>"; };
		BBE03D7C2AF1231400853A50 /* CurrencyViewController.swift */ = {isa = PBXFileReference; lastKnownFileType = sourcecode.swift; path = CurrencyViewController.swift; sourceTree = "<group>"; };
		BBE03D7E2AF1232500853A50 /* CryptoViewController.swift */ = {isa = PBXFileReference; lastKnownFileType = sourcecode.swift; path = CryptoViewController.swift; sourceTree = "<group>"; };
		BBE03D802AF1233B00853A50 /* MarketViewController.swift */ = {isa = PBXFileReference; lastKnownFileType = sourcecode.swift; path = MarketViewController.swift; sourceTree = "<group>"; };
		BBE03D842AF1B83800853A50 /* CurrencyTableViewCell.swift */ = {isa = PBXFileReference; lastKnownFileType = sourcecode.swift; path = CurrencyTableViewCell.swift; sourceTree = "<group>"; };
		BBE03D862AF4130600853A50 /* WebServiceCrypto.swift */ = {isa = PBXFileReference; lastKnownFileType = sourcecode.swift; path = WebServiceCrypto.swift; sourceTree = "<group>"; };
		BBE03D882AF4159600853A50 /* CryptoViewModel.swift */ = {isa = PBXFileReference; lastKnownFileType = sourcecode.swift; path = CryptoViewModel.swift; sourceTree = "<group>"; };
		BBE03D8A2AF424D700853A50 /* CryptoTableViewCell.swift */ = {isa = PBXFileReference; lastKnownFileType = sourcecode.swift; path = CryptoTableViewCell.swift; sourceTree = "<group>"; };
		BBE03D8C2AF52CC600853A50 /* WebServiceMarket.swift */ = {isa = PBXFileReference; lastKnownFileType = sourcecode.swift; path = WebServiceMarket.swift; sourceTree = "<group>"; };
		BBE03D8E2AF538C200853A50 /* MarketViewModel.swift */ = {isa = PBXFileReference; lastKnownFileType = sourcecode.swift; path = MarketViewModel.swift; sourceTree = "<group>"; };
		BBE03D902AF5417700853A50 /* MarketTableViewCell.swift */ = {isa = PBXFileReference; lastKnownFileType = sourcecode.swift; path = MarketTableViewCell.swift; sourceTree = "<group>"; };
		BBE03D922AF79BE200853A50 /* WebServiceNews.swift */ = {isa = PBXFileReference; lastKnownFileType = sourcecode.swift; path = WebServiceNews.swift; sourceTree = "<group>"; };
		BBE03D942AF7A4CE00853A50 /* NewsViewModel.swift */ = {isa = PBXFileReference; lastKnownFileType = sourcecode.swift; path = NewsViewModel.swift; sourceTree = "<group>"; };
		BBE03D962AF7C9BB00853A50 /* NewsTableViewCell.swift */ = {isa = PBXFileReference; lastKnownFileType = sourcecode.swift; path = NewsTableViewCell.swift; sourceTree = "<group>"; };
/* End PBXFileReference section */

/* Begin PBXFrameworksBuildPhase section */
		BBDA59C52AF11FA200249807 /* Frameworks */ = {
			isa = PBXFrameworksBuildPhase;
			buildActionMask = 2147483647;
			files = (
				BBDA59F32AF120AC00249807 /* RxRelay in Frameworks */,
				BBDA59F12AF120AC00249807 /* RxCocoa-Dynamic in Frameworks */,
				BBDA59EF2AF120AC00249807 /* RxCocoa in Frameworks */,
				BBDA59EB2AF120AC00249807 /* RxBlocking in Frameworks */,
				BBDA59ED2AF120AC00249807 /* RxBlocking-Dynamic in Frameworks */,
			);
			runOnlyForDeploymentPostprocessing = 0;
		};
/* End PBXFrameworksBuildPhase section */

/* Begin PBXGroup section */
		BBDA59BF2AF11FA200249807 = {
			isa = PBXGroup;
			children = (
				BBDA59CA2AF11FA200249807 /* MyFinance */,
				BBDA59C92AF11FA200249807 /* Products */,
			);
			sourceTree = "<group>";
		};
		BBDA59C92AF11FA200249807 /* Products */ = {
			isa = PBXGroup;
			children = (
				BBDA59C82AF11FA200249807 /* MyFinance.app */,
			);
			name = Products;
			sourceTree = "<group>";
		};
		BBDA59CA2AF11FA200249807 /* MyFinance */ = {
			isa = PBXGroup;
			children = (
				BBDA59CB2AF11FA200249807 /* AppDelegate.swift */,
				BBDA59CD2AF11FA200249807 /* SceneDelegate.swift */,
				BBDA59E22AF1200B00249807 /* Service */,
				BBDA59E12AF11FFC00249807 /* Model */,
				BBDA59E02AF11FD600249807 /* ViewModel */,
				BBDA59DF2AF11FB800249807 /* View */,
				BBDA59D12AF11FA200249807 /* Main.storyboard */,
				BBDA59D42AF11FA500249807 /* Assets.xcassets */,
				BBDA59D62AF11FA500249807 /* LaunchScreen.storyboard */,
				BBDA59D92AF11FA500249807 /* Info.plist */,
			);
			path = MyFinance;
			sourceTree = "<group>";
		};
		BBDA59DF2AF11FB800249807 /* View */ = {
			isa = PBXGroup;
			children = (
				BBE03D7A2AF1230000853A50 /* NewsViewController.swift */,
				BBE03D962AF7C9BB00853A50 /* NewsTableViewCell.swift */,
				BB4E348C2B165A4F0015F58D /* NewsWebViewController.swift */,
				BBE03D7C2AF1231400853A50 /* CurrencyViewController.swift */,
				BBE03D842AF1B83800853A50 /* CurrencyTableViewCell.swift */,
				BBE03D7E2AF1232500853A50 /* CryptoViewController.swift */,
				BBE03D8A2AF424D700853A50 /* CryptoTableViewCell.swift */,
				BBE03D802AF1233B00853A50 /* MarketViewController.swift */,
				BBE03D902AF5417700853A50 /* MarketTableViewCell.swift */,
			);
			path = View;
			sourceTree = "<group>";
		};
		BBDA59E02AF11FD600249807 /* ViewModel */ = {
			isa = PBXGroup;
			children = (
				BBDA59E72AF1206F00249807 /* CurrencyViewModel.swift */,
				BBE03D882AF4159600853A50 /* CryptoViewModel.swift */,
				BBE03D8E2AF538C200853A50 /* MarketViewModel.swift */,
				BBE03D942AF7A4CE00853A50 /* NewsViewModel.swift */,
			);
			path = ViewModel;
			sourceTree = "<group>";
		};
		BBDA59E12AF11FFC00249807 /* Model */ = {
			isa = PBXGroup;
			children = (
				BBDA59E52AF1204900249807 /* Finance.swift */,
			);
			path = Model;
			sourceTree = "<group>";
		};
		BBDA59E22AF1200B00249807 /* Service */ = {
			isa = PBXGroup;
			children = (
				BBDA59E32AF1202700249807 /* WebServiceCurrency.swift */,
				BBE03D862AF4130600853A50 /* WebServiceCrypto.swift */,
				BBE03D8C2AF52CC600853A50 /* WebServiceMarket.swift */,
				BBE03D922AF79BE200853A50 /* WebServiceNews.swift */,
			);
			path = Service;
			sourceTree = "<group>";
		};
/* End PBXGroup section */

/* Begin PBXNativeTarget section */
		BBDA59C72AF11FA200249807 /* MyFinance */ = {
			isa = PBXNativeTarget;
			buildConfigurationList = BBDA59DC2AF11FA500249807 /* Build configuration list for PBXNativeTarget "MyFinance" */;
			buildPhases = (
				BBDA59C42AF11FA200249807 /* Sources */,
				BBDA59C52AF11FA200249807 /* Frameworks */,
				BBDA59C62AF11FA200249807 /* Resources */,
			);
			buildRules = (
			);
			dependencies = (
			);
			name = MyFinance;
			packageProductDependencies = (
				BBDA59EA2AF120AC00249807 /* RxBlocking */,
				BBDA59EC2AF120AC00249807 /* RxBlocking-Dynamic */,
				BBDA59EE2AF120AC00249807 /* RxCocoa */,
				BBDA59F02AF120AC00249807 /* RxCocoa-Dynamic */,
				BBDA59F22AF120AC00249807 /* RxRelay */,
			);
			productName = MyFinance;
			productReference = BBDA59C82AF11FA200249807 /* MyFinance.app */;
			productType = "com.apple.product-type.application";
		};
/* End PBXNativeTarget section */

/* Begin PBXProject section */
		BBDA59C02AF11FA200249807 /* Project object */ = {
			isa = PBXProject;
			attributes = {
				BuildIndependentTargetsInParallel = 1;
				LastSwiftUpdateCheck = 1500;
				LastUpgradeCheck = 1500;
				TargetAttributes = {
					BBDA59C72AF11FA200249807 = {
						CreatedOnToolsVersion = 15.0.1;
					};
				};
			};
			buildConfigurationList = BBDA59C32AF11FA200249807 /* Build configuration list for PBXProject "MyFinance" */;
			compatibilityVersion = "Xcode 14.0";
			developmentRegion = en;
			hasScannedForEncodings = 0;
			knownRegions = (
				en,
				Base,
			);
			mainGroup = BBDA59BF2AF11FA200249807;
			packageReferences = (
				BBDA59E92AF120AC00249807 /* XCRemoteSwiftPackageReference "RxSwift" */,
			);
			productRefGroup = BBDA59C92AF11FA200249807 /* Products */;
			projectDirPath = "";
			projectRoot = "";
			targets = (
				BBDA59C72AF11FA200249807 /* MyFinance */,
			);
		};
/* End PBXProject section */

/* Begin PBXResourcesBuildPhase section */
		BBDA59C62AF11FA200249807 /* Resources */ = {
			isa = PBXResourcesBuildPhase;
			buildActionMask = 2147483647;
			files = (
				BBDA59D82AF11FA500249807 /* LaunchScreen.storyboard in Resources */,
				BBDA59D52AF11FA500249807 /* Assets.xcassets in Resources */,
				BBDA59D32AF11FA200249807 /* Main.storyboard in Resources */,
			);
			runOnlyForDeploymentPostprocessing = 0;
		};
/* End PBXResourcesBuildPhase section */

/* Begin PBXSourcesBuildPhase section */
		BBDA59C42AF11FA200249807 /* Sources */ = {
			isa = PBXSourcesBuildPhase;
			buildActionMask = 2147483647;
			files = (
				BBE03D7D2AF1231400853A50 /* CurrencyViewController.swift in Sources */,
				BBE03D952AF7A4CE00853A50 /* NewsViewModel.swift in Sources */,
				BBE03D812AF1233B00853A50 /* MarketViewController.swift in Sources */,
				BBDA59E82AF1206F00249807 /* CurrencyViewModel.swift in Sources */,
				BBE03D932AF79BE300853A50 /* WebServiceNews.swift in Sources */,
				BBE03D7F2AF1232500853A50 /* CryptoViewController.swift in Sources */,
				BBE03D8B2AF424D700853A50 /* CryptoTableViewCell.swift in Sources */,
				BBDA59CC2AF11FA200249807 /* AppDelegate.swift in Sources */,
				BBE03D8D2AF52CC700853A50 /* WebServiceMarket.swift in Sources */,
				BBE03D892AF4159600853A50 /* CryptoViewModel.swift in Sources */,
				BBDA59E62AF1204900249807 /* Finance.swift in Sources */,
				BBE03D7B2AF1230000853A50 /* NewsViewController.swift in Sources */,
				BB4E348D2B165A4F0015F58D /* NewsWebViewController.swift in Sources */,
				BBDA59E42AF1202700249807 /* WebServiceCurrency.swift in Sources */,
				BBE03D912AF5417700853A50 /* MarketTableViewCell.swift in Sources */,
				BBE03D8F2AF538C200853A50 /* MarketViewModel.swift in Sources */,
				BBE03D852AF1B83800853A50 /* CurrencyTableViewCell.swift in Sources */,
				BBDA59CE2AF11FA200249807 /* SceneDelegate.swift in Sources */,
				BBE03D872AF4130600853A50 /* WebServiceCrypto.swift in Sources */,
				BBE03D972AF7C9BB00853A50 /* NewsTableViewCell.swift in Sources */,
			);
			runOnlyForDeploymentPostprocessing = 0;
		};
/* End PBXSourcesBuildPhase section */

/* Begin PBXVariantGroup section */
		BBDA59D12AF11FA200249807 /* Main.storyboard */ = {
			isa = PBXVariantGroup;
			children = (
				BBDA59D22AF11FA200249807 /* Base */,
			);
			name = Main.storyboard;
			sourceTree = "<group>";
		};
		BBDA59D62AF11FA500249807 /* LaunchScreen.storyboard */ = {
			isa = PBXVariantGroup;
			children = (
				BBDA59D72AF11FA500249807 /* Base */,
			);
			name = LaunchScreen.storyboard;
			sourceTree = "<group>";
		};
/* End PBXVariantGroup section */

/* Begin XCBuildConfiguration section */
		BBDA59DA2AF11FA500249807 /* Debug */ = {
			isa = XCBuildConfiguration;
			buildSettings = {
				ALWAYS_SEARCH_USER_PATHS = NO;
				ASSETCATALOG_COMPILER_GENERATE_SWIFT_ASSET_SYMBOL_EXTENSIONS = YES;
				CLANG_ANALYZER_NONNULL = YES;
				CLANG_ANALYZER_NUMBER_OBJECT_CONVERSION = YES_AGGRESSIVE;
				CLANG_CXX_LANGUAGE_STANDARD = "gnu++20";
				CLANG_ENABLE_MODULES = YES;
				CLANG_ENABLE_OBJC_ARC = YES;
				CLANG_ENABLE_OBJC_WEAK = YES;
				CLANG_WARN_BLOCK_CAPTURE_AUTORELEASING = YES;
				CLANG_WARN_BOOL_CONVERSION = YES;
				CLANG_WARN_COMMA = YES;
				CLANG_WARN_CONSTANT_CONVERSION = YES;
				CLANG_WARN_DEPRECATED_OBJC_IMPLEMENTATIONS = YES;
				CLANG_WARN_DIRECT_OBJC_ISA_USAGE = YES_ERROR;
				CLANG_WARN_DOCUMENTATION_COMMENTS = YES;
				CLANG_WARN_EMPTY_BODY = YES;
				CLANG_WARN_ENUM_CONVERSION = YES;
				CLANG_WARN_INFINITE_RECURSION = YES;
				CLANG_WARN_INT_CONVERSION = YES;
				CLANG_WARN_NON_LITERAL_NULL_CONVERSION = YES;
				CLANG_WARN_OBJC_IMPLICIT_RETAIN_SELF = YES;
				CLANG_WARN_OBJC_LITERAL_CONVERSION = YES;
				CLANG_WARN_OBJC_ROOT_CLASS = YES_ERROR;
				CLANG_WARN_QUOTED_INCLUDE_IN_FRAMEWORK_HEADER = YES;
				CLANG_WARN_RANGE_LOOP_ANALYSIS = YES;
				CLANG_WARN_STRICT_PROTOTYPES = YES;
				CLANG_WARN_SUSPICIOUS_MOVE = YES;
				CLANG_WARN_UNGUARDED_AVAILABILITY = YES_AGGRESSIVE;
				CLANG_WARN_UNREACHABLE_CODE = YES;
				CLANG_WARN__DUPLICATE_METHOD_MATCH = YES;
				COPY_PHASE_STRIP = NO;
				DEBUG_INFORMATION_FORMAT = dwarf;
				ENABLE_STRICT_OBJC_MSGSEND = YES;
				ENABLE_TESTABILITY = YES;
				ENABLE_USER_SCRIPT_SANDBOXING = YES;
				GCC_C_LANGUAGE_STANDARD = gnu17;
				GCC_DYNAMIC_NO_PIC = NO;
				GCC_NO_COMMON_BLOCKS = YES;
				GCC_OPTIMIZATION_LEVEL = 0;
				GCC_PREPROCESSOR_DEFINITIONS = (
					"DEBUG=1",
					"$(inherited)",
				);
				GCC_WARN_64_TO_32_BIT_CONVERSION = YES;
				GCC_WARN_ABOUT_RETURN_TYPE = YES_ERROR;
				GCC_WARN_UNDECLARED_SELECTOR = YES;
				GCC_WARN_UNINITIALIZED_AUTOS = YES_AGGRESSIVE;
				GCC_WARN_UNUSED_FUNCTION = YES;
				GCC_WARN_UNUSED_VARIABLE = YES;
				IPHONEOS_DEPLOYMENT_TARGET = 17.0;
				LOCALIZATION_PREFERS_STRING_CATALOGS = YES;
				MTL_ENABLE_DEBUG_INFO = INCLUDE_SOURCE;
				MTL_FAST_MATH = YES;
				ONLY_ACTIVE_ARCH = YES;
				SDKROOT = iphoneos;
				SWIFT_ACTIVE_COMPILATION_CONDITIONS = "DEBUG $(inherited)";
				SWIFT_OPTIMIZATION_LEVEL = "-Onone";
			};
			name = Debug;
		};
		BBDA59DB2AF11FA500249807 /* Release */ = {
			isa = XCBuildConfiguration;
			buildSettings = {
				ALWAYS_SEARCH_USER_PATHS = NO;
				ASSETCATALOG_COMPILER_GENERATE_SWIFT_ASSET_SYMBOL_EXTENSIONS = YES;
				CLANG_ANALYZER_NONNULL = YES;
				CLANG_ANALYZER_NUMBER_OBJECT_CONVERSION = YES_AGGRESSIVE;
				CLANG_CXX_LANGUAGE_STANDARD = "gnu++20";
				CLANG_ENABLE_MODULES = YES;
				CLANG_ENABLE_OBJC_ARC = YES;
				CLANG_ENABLE_OBJC_WEAK = YES;
				CLANG_WARN_BLOCK_CAPTURE_AUTORELEASING = YES;
				CLANG_WARN_BOOL_CONVERSION = YES;
				CLANG_WARN_COMMA = YES;
				CLANG_WARN_CONSTANT_CONVERSION = YES;
				CLANG_WARN_DEPRECATED_OBJC_IMPLEMENTATIONS = YES;
				CLANG_WARN_DIRECT_OBJC_ISA_USAGE = YES_ERROR;
				CLANG_WARN_DOCUMENTATION_COMMENTS = YES;
				CLANG_WARN_EMPTY_BODY = YES;
				CLANG_WARN_ENUM_CONVERSION = YES;
				CLANG_WARN_INFINITE_RECURSION = YES;
				CLANG_WARN_INT_CONVERSION = YES;
				CLANG_WARN_NON_LITERAL_NULL_CONVERSION = YES;
				CLANG_WARN_OBJC_IMPLICIT_RETAIN_SELF = YES;
				CLANG_WARN_OBJC_LITERAL_CONVERSION = YES;
				CLANG_WARN_OBJC_ROOT_CLASS = YES_ERROR;
				CLANG_WARN_QUOTED_INCLUDE_IN_FRAMEWORK_HEADER = YES;
				CLANG_WARN_RANGE_LOOP_ANALYSIS = YES;
				CLANG_WARN_STRICT_PROTOTYPES = YES;
				CLANG_WARN_SUSPICIOUS_MOVE = YES;
				CLANG_WARN_UNGUARDED_AVAILABILITY = YES_AGGRESSIVE;
				CLANG_WARN_UNREACHABLE_CODE = YES;
				CLANG_WARN__DUPLICATE_METHOD_MATCH = YES;
				COPY_PHASE_STRIP = NO;
				DEBUG_INFORMATION_FORMAT = "dwarf-with-dsym";
				ENABLE_NS_ASSERTIONS = NO;
				ENABLE_STRICT_OBJC_MSGSEND = YES;
				ENABLE_USER_SCRIPT_SANDBOXING = YES;
				GCC_C_LANGUAGE_STANDARD = gnu17;
				GCC_NO_COMMON_BLOCKS = YES;
				GCC_WARN_64_TO_32_BIT_CONVERSION = YES;
				GCC_WARN_ABOUT_RETURN_TYPE = YES_ERROR;
				GCC_WARN_UNDECLARED_SELECTOR = YES;
				GCC_WARN_UNINITIALIZED_AUTOS = YES_AGGRESSIVE;
				GCC_WARN_UNUSED_FUNCTION = YES;
				GCC_WARN_UNUSED_VARIABLE = YES;
				IPHONEOS_DEPLOYMENT_TARGET = 17.0;
				LOCALIZATION_PREFERS_STRING_CATALOGS = YES;
				MTL_ENABLE_DEBUG_INFO = NO;
				MTL_FAST_MATH = YES;
				SDKROOT = iphoneos;
				SWIFT_COMPILATION_MODE = wholemodule;
				VALIDATE_PRODUCT = YES;
			};
			name = Release;
		};
		BBDA59DD2AF11FA500249807 /* Debug */ = {
			isa = XCBuildConfiguration;
			buildSettings = {
				ASSETCATALOG_COMPILER_APPICON_NAME = AppIcon;
				ASSETCATALOG_COMPILER_GLOBAL_ACCENT_COLOR_NAME = AccentColor;
				CODE_SIGN_STYLE = Automatic;
				CURRENT_PROJECT_VERSION = 1;
				DEVELOPMENT_TEAM = 27JCDAS664;
				GENERATE_INFOPLIST_FILE = YES;
				INFOPLIST_FILE = MyFinance/Info.plist;
				INFOPLIST_KEY_CFBundleDisplayName = MyFinance;
				INFOPLIST_KEY_UIApplicationSupportsIndirectInputEvents = YES;
				INFOPLIST_KEY_UILaunchStoryboardName = LaunchScreen;
				INFOPLIST_KEY_UIMainStoryboardFile = Main;
				INFOPLIST_KEY_UISupportedInterfaceOrientations = UIInterfaceOrientationPortrait;
				INFOPLIST_KEY_UISupportedInterfaceOrientations_iPad = "UIInterfaceOrientationLandscapeLeft UIInterfaceOrientationLandscapeRight UIInterfaceOrientationPortrait UIInterfaceOrientationPortraitUpsideDown";
				IPHONEOS_DEPLOYMENT_TARGET = 15.6;
				LD_RUNPATH_SEARCH_PATHS = (
					"$(inherited)",
					"@executable_path/Frameworks",
				);
				MARKETING_VERSION = 1.0;
				PRODUCT_BUNDLE_IDENTIFIER = com.AtakanBasaran.MyFinance;
				PRODUCT_NAME = "$(TARGET_NAME)";
				SWIFT_EMIT_LOC_STRINGS = YES;
				SWIFT_VERSION = 5.0;
				TARGETED_DEVICE_FAMILY = "1,2";
			};
			name = Debug;
		};
		BBDA59DE2AF11FA500249807 /* Release */ = {
			isa = XCBuildConfiguration;
			buildSettings = {
				ASSETCATALOG_COMPILER_APPICON_NAME = AppIcon;
				ASSETCATALOG_COMPILER_GLOBAL_ACCENT_COLOR_NAME = AccentColor;
				CODE_SIGN_STYLE = Automatic;
				CURRENT_PROJECT_VERSION = 1;
				DEVELOPMENT_TEAM = 27JCDAS664;
				GENERATE_INFOPLIST_FILE = YES;
				INFOPLIST_FILE = MyFinance/Info.plist;
				INFOPLIST_KEY_CFBundleDisplayName = MyFinance;
				INFOPLIST_KEY_UIApplicationSupportsIndirectInputEvents = YES;
				INFOPLIST_KEY_UILaunchStoryboardName = LaunchScreen;
				INFOPLIST_KEY_UIMainStoryboardFile = Main;
				INFOPLIST_KEY_UISupportedInterfaceOrientations = UIInterfaceOrientationPortrait;
				INFOPLIST_KEY_UISupportedInterfaceOrientations_iPad = "UIInterfaceOrientationLandscapeLeft UIInterfaceOrientationLandscapeRight UIInterfaceOrientationPortrait UIInterfaceOrientationPortraitUpsideDown";
				IPHONEOS_DEPLOYMENT_TARGET = 15.6;
				LD_RUNPATH_SEARCH_PATHS = (
					"$(inherited)",
					"@executable_path/Frameworks",
				);
				MARKETING_VERSION = 1.0;
				PRODUCT_BUNDLE_IDENTIFIER = com.AtakanBasaran.MyFinance;
				PRODUCT_NAME = "$(TARGET_NAME)";
				SWIFT_EMIT_LOC_STRINGS = YES;
				SWIFT_VERSION = 5.0;
				TARGETED_DEVICE_FAMILY = "1,2";
			};
			name = Release;
		};
/* End XCBuildConfiguration section */

/* Begin XCConfigurationList section */
		BBDA59C32AF11FA200249807 /* Build configuration list for PBXProject "MyFinance" */ = {
			isa = XCConfigurationList;
			buildConfigurations = (
				BBDA59DA2AF11FA500249807 /* Debug */,
				BBDA59DB2AF11FA500249807 /* Release */,
			);
			defaultConfigurationIsVisible = 0;
			defaultConfigurationName = Release;
		};
		BBDA59DC2AF11FA500249807 /* Build configuration list for PBXNativeTarget "MyFinance" */ = {
			isa = XCConfigurationList;
			buildConfigurations = (
				BBDA59DD2AF11FA500249807 /* Debug */,
				BBDA59DE2AF11FA500249807 /* Release */,
			);
			defaultConfigurationIsVisible = 0;
			defaultConfigurationName = Release;
		};
/* End XCConfigurationList section */

/* Begin XCRemoteSwiftPackageReference section */
		BBDA59E92AF120AC00249807 /* XCRemoteSwiftPackageReference "RxSwift" */ = {
			isa = XCRemoteSwiftPackageReference;
			repositoryURL = "https://github.com/ReactiveX/RxSwift.git";
			requirement = {
				kind = upToNextMajorVersion;
				minimumVersion = 6.6.0;
			};
		};
/* End XCRemoteSwiftPackageReference section */

/* Begin XCSwiftPackageProductDependency section */
		BBDA59EA2AF120AC00249807 /* RxBlocking */ = {
			isa = XCSwiftPackageProductDependency;
			package = BBDA59E92AF120AC00249807 /* XCRemoteSwiftPackageReference "RxSwift" */;
			productName = RxBlocking;
		};
		BBDA59EC2AF120AC00249807 /* RxBlocking-Dynamic */ = {
			isa = XCSwiftPackageProductDependency;
			package = BBDA59E92AF120AC00249807 /* XCRemoteSwiftPackageReference "RxSwift" */;
			productName = "RxBlocking-Dynamic";
		};
		BBDA59EE2AF120AC00249807 /* RxCocoa */ = {
			isa = XCSwiftPackageProductDependency;
			package = BBDA59E92AF120AC00249807 /* XCRemoteSwiftPackageReference "RxSwift" */;
			productName = RxCocoa;
		};
		BBDA59F02AF120AC00249807 /* RxCocoa-Dynamic */ = {
			isa = XCSwiftPackageProductDependency;
			package = BBDA59E92AF120AC00249807 /* XCRemoteSwiftPackageReference "RxSwift" */;
			productName = "RxCocoa-Dynamic";
		};
		BBDA59F22AF120AC00249807 /* RxRelay */ = {
			isa = XCSwiftPackageProductDependency;
			package = BBDA59E92AF120AC00249807 /* XCRemoteSwiftPackageReference "RxSwift" */;
			productName = RxRelay;
		};
/* End XCSwiftPackageProductDependency section */
	};
	rootObject = BBDA59C02AF11FA200249807 /* Project object */;
}
